// !$*UTF8*$!
{
	archiveVersion = 1;
	classes = {
	};
	objectVersion = 56;
	objects = {

/* Begin PBXBuildFile section */
		5660B28F2C834C6500580F7C /* UDManager.swift in Sources */ = {isa = PBXBuildFile; fileRef = 5660B28E2C834C6500580F7C /* UDManager.swift */; };
		5660B2912C834E1700580F7C /* UDUserStorage.swift in Sources */ = {isa = PBXBuildFile; fileRef = 5660B2902C834E1700580F7C /* UDUserStorage.swift */; };
		5660B2932C85961100580F7C /* TestVC.swift in Sources */ = {isa = PBXBuildFile; fileRef = 5660B2922C85961100580F7C /* TestVC.swift */; };
		56A1750E2C7BA2A5004F7771 /* AppDelegate.swift in Sources */ = {isa = PBXBuildFile; fileRef = 56A1750D2C7BA2A5004F7771 /* AppDelegate.swift */; };
		56A175102C7BA2A5004F7771 /* SceneDelegate.swift in Sources */ = {isa = PBXBuildFile; fileRef = 56A1750F2C7BA2A5004F7771 /* SceneDelegate.swift */; };
		56A175122C7BA2A5004F7771 /* ToDoListViewController.swift in Sources */ = {isa = PBXBuildFile; fileRef = 56A175112C7BA2A5004F7771 /* ToDoListViewController.swift */; };
		56A175182C7BA2A5004F7771 /* ToDoList.xcdatamodeld in Sources */ = {isa = PBXBuildFile; fileRef = 56A175162C7BA2A5004F7771 /* ToDoList.xcdatamodeld */; };
		56A1751A2C7BA2A7004F7771 /* Assets.xcassets in Resources */ = {isa = PBXBuildFile; fileRef = 56A175192C7BA2A7004F7771 /* Assets.xcassets */; };
		56A1751D2C7BA2A7004F7771 /* Base in Resources */ = {isa = PBXBuildFile; fileRef = 56A1751C2C7BA2A7004F7771 /* Base */; };
		56A175282C7BA2A7004F7771 /* ToDoListTests.swift in Sources */ = {isa = PBXBuildFile; fileRef = 56A175272C7BA2A7004F7771 /* ToDoListTests.swift */; };
		56A175322C7BA2A7004F7771 /* ToDoListUITests.swift in Sources */ = {isa = PBXBuildFile; fileRef = 56A175312C7BA2A7004F7771 /* ToDoListUITests.swift */; };
		56A175342C7BA2A7004F7771 /* ToDoListUITestsLaunchTests.swift in Sources */ = {isa = PBXBuildFile; fileRef = 56A175332C7BA2A7004F7771 /* ToDoListUITestsLaunchTests.swift */; };
		56A175462C7BA5E0004F7771 /* CDManager.swift in Sources */ = {isa = PBXBuildFile; fileRef = 56A175452C7BA5E0004F7771 /* CDManager.swift */; };
		56A175482C7BA731004F7771 /* CDManager+CDTask.swift in Sources */ = {isa = PBXBuildFile; fileRef = 56A175472C7BA731004F7771 /* CDManager+CDTask.swift */; };
		56A1754A2C7BAEFF004F7771 /* CDContainer.swift in Sources */ = {isa = PBXBuildFile; fileRef = 56A175492C7BAEFF004F7771 /* CDContainer.swift */; };
		56A1754C2C7BB34F004F7771 /* TaskService.swift in Sources */ = {isa = PBXBuildFile; fileRef = 56A1754B2C7BB34F004F7771 /* TaskService.swift */; };
		56A175502C7BB38C004F7771 /* TaskDTO.swift in Sources */ = {isa = PBXBuildFile; fileRef = 56A1754F2C7BB38C004F7771 /* TaskDTO.swift */; };
		56A175532C7BB436004F7771 /* TaskAPIResponseDTO.swift in Sources */ = {isa = PBXBuildFile; fileRef = 56A175522C7BB436004F7771 /* TaskAPIResponseDTO.swift */; };
		56A175562C7C807E004F7771 /* ToDoListPresenter.swift in Sources */ = {isa = PBXBuildFile; fileRef = 56A175552C7C807E004F7771 /* ToDoListPresenter.swift */; };
		56A175582C7C81AD004F7771 /* ToDoListRouter.swift in Sources */ = {isa = PBXBuildFile; fileRef = 56A175572C7C81AD004F7771 /* ToDoListRouter.swift */; };
		56A1755A2C7C8231004F7771 /* ToDoListInteractor.swift in Sources */ = {isa = PBXBuildFile; fileRef = 56A175592C7C8231004F7771 /* ToDoListInteractor.swift */; };
		56A1755C2C7C82A9004F7771 /* ToDoListAssembly.swift in Sources */ = {isa = PBXBuildFile; fileRef = 56A1755B2C7C82A9004F7771 /* ToDoListAssembly.swift */; };
		56A175602C7C9753004F7771 /* ToDoSUICell.swift in Sources */ = {isa = PBXBuildFile; fileRef = 56A1755F2C7C9753004F7771 /* ToDoSUICell.swift */; };
		56A175622C7CD0A8004F7771 /* ToDoListProtocols.swift in Sources */ = {isa = PBXBuildFile; fileRef = 56A175612C7CD0A8004F7771 /* ToDoListProtocols.swift */; };
		56A175662C7CF2B9004F7771 /* ToDoCellView.swift in Sources */ = {isa = PBXBuildFile; fileRef = 56A175652C7CF2B8004F7771 /* ToDoCellView.swift */; };
		56A175692C818F7C004F7771 /* TaskModel.swift in Sources */ = {isa = PBXBuildFile; fileRef = 56A175682C818F7C004F7771 /* TaskModel.swift */; };
		56A175702C81FD5E004F7771 /* ToDoDetailViewController.swift in Sources */ = {isa = PBXBuildFile; fileRef = 56A1756F2C81FD5E004F7771 /* ToDoDetailViewController.swift */; };
/* End PBXBuildFile section */

/* Begin PBXContainerItemProxy section */
		56A175242C7BA2A7004F7771 /* PBXContainerItemProxy */ = {
			isa = PBXContainerItemProxy;
			containerPortal = 56A175022C7BA2A5004F7771 /* Project object */;
			proxyType = 1;
			remoteGlobalIDString = 56A175092C7BA2A5004F7771;
			remoteInfo = ToDoList;
		};
		56A1752E2C7BA2A7004F7771 /* PBXContainerItemProxy */ = {
			isa = PBXContainerItemProxy;
			containerPortal = 56A175022C7BA2A5004F7771 /* Project object */;
			proxyType = 1;
			remoteGlobalIDString = 56A175092C7BA2A5004F7771;
			remoteInfo = ToDoList;
		};
/* End PBXContainerItemProxy section */

/* Begin PBXFileReference section */
		5660B28E2C834C6500580F7C /* UDManager.swift */ = {isa = PBXFileReference; lastKnownFileType = sourcecode.swift; path = UDManager.swift; sourceTree = "<group>"; };
		5660B2902C834E1700580F7C /* UDUserStorage.swift */ = {isa = PBXFileReference; lastKnownFileType = sourcecode.swift; path = UDUserStorage.swift; sourceTree = "<group>"; };
		5660B2922C85961100580F7C /* TestVC.swift */ = {isa = PBXFileReference; lastKnownFileType = sourcecode.swift; path = TestVC.swift; sourceTree = "<group>"; };
		56A1750A2C7BA2A5004F7771 /* ToDoList.app */ = {isa = PBXFileReference; explicitFileType = wrapper.application; includeInIndex = 0; path = ToDoList.app; sourceTree = BUILT_PRODUCTS_DIR; };
		56A1750D2C7BA2A5004F7771 /* AppDelegate.swift */ = {isa = PBXFileReference; lastKnownFileType = sourcecode.swift; path = AppDelegate.swift; sourceTree = "<group>"; };
		56A1750F2C7BA2A5004F7771 /* SceneDelegate.swift */ = {isa = PBXFileReference; lastKnownFileType = sourcecode.swift; path = SceneDelegate.swift; sourceTree = "<group>"; };
		56A175112C7BA2A5004F7771 /* ToDoListViewController.swift */ = {isa = PBXFileReference; lastKnownFileType = sourcecode.swift; path = ToDoListViewController.swift; sourceTree = "<group>"; };
		56A175172C7BA2A5004F7771 /* ToDoList.xcdatamodel */ = {isa = PBXFileReference; lastKnownFileType = wrapper.xcdatamodel; path = ToDoList.xcdatamodel; sourceTree = "<group>"; };
		56A175192C7BA2A7004F7771 /* Assets.xcassets */ = {isa = PBXFileReference; lastKnownFileType = folder.assetcatalog; path = Assets.xcassets; sourceTree = "<group>"; };
		56A1751C2C7BA2A7004F7771 /* Base */ = {isa = PBXFileReference; lastKnownFileType = file.storyboard; name = Base; path = Base.lproj/LaunchScreen.storyboard; sourceTree = "<group>"; };
		56A1751E2C7BA2A7004F7771 /* Info.plist */ = {isa = PBXFileReference; lastKnownFileType = text.plist.xml; path = Info.plist; sourceTree = "<group>"; };
		56A175232C7BA2A7004F7771 /* ToDoListTests.xctest */ = {isa = PBXFileReference; explicitFileType = wrapper.cfbundle; includeInIndex = 0; path = ToDoListTests.xctest; sourceTree = BUILT_PRODUCTS_DIR; };
		56A175272C7BA2A7004F7771 /* ToDoListTests.swift */ = {isa = PBXFileReference; lastKnownFileType = sourcecode.swift; path = ToDoListTests.swift; sourceTree = "<group>"; };
		56A1752D2C7BA2A7004F7771 /* ToDoListUITests.xctest */ = {isa = PBXFileReference; explicitFileType = wrapper.cfbundle; includeInIndex = 0; path = ToDoListUITests.xctest; sourceTree = BUILT_PRODUCTS_DIR; };
		56A175312C7BA2A7004F7771 /* ToDoListUITests.swift */ = {isa = PBXFileReference; lastKnownFileType = sourcecode.swift; path = ToDoListUITests.swift; sourceTree = "<group>"; };
		56A175332C7BA2A7004F7771 /* ToDoListUITestsLaunchTests.swift */ = {isa = PBXFileReference; lastKnownFileType = sourcecode.swift; path = ToDoListUITestsLaunchTests.swift; sourceTree = "<group>"; };
		56A175452C7BA5E0004F7771 /* CDManager.swift */ = {isa = PBXFileReference; lastKnownFileType = sourcecode.swift; path = CDManager.swift; sourceTree = "<group>"; };
		56A175472C7BA731004F7771 /* CDManager+CDTask.swift */ = {isa = PBXFileReference; lastKnownFileType = sourcecode.swift; path = "CDManager+CDTask.swift"; sourceTree = "<group>"; };
		56A175492C7BAEFF004F7771 /* CDContainer.swift */ = {isa = PBXFileReference; lastKnownFileType = sourcecode.swift; path = CDContainer.swift; sourceTree = "<group>"; };
		56A1754B2C7BB34F004F7771 /* TaskService.swift */ = {isa = PBXFileReference; lastKnownFileType = sourcecode.swift; path = TaskService.swift; sourceTree = "<group>"; };
		56A1754F2C7BB38C004F7771 /* TaskDTO.swift */ = {isa = PBXFileReference; lastKnownFileType = sourcecode.swift; path = TaskDTO.swift; sourceTree = "<group>"; };
		56A175522C7BB436004F7771 /* TaskAPIResponseDTO.swift */ = {isa = PBXFileReference; lastKnownFileType = sourcecode.swift; path = TaskAPIResponseDTO.swift; sourceTree = "<group>"; };
		56A175552C7C807E004F7771 /* ToDoListPresenter.swift */ = {isa = PBXFileReference; lastKnownFileType = sourcecode.swift; path = ToDoListPresenter.swift; sourceTree = "<group>"; };
		56A175572C7C81AD004F7771 /* ToDoListRouter.swift */ = {isa = PBXFileReference; lastKnownFileType = sourcecode.swift; path = ToDoListRouter.swift; sourceTree = "<group>"; };
		56A175592C7C8231004F7771 /* ToDoListInteractor.swift */ = {isa = PBXFileReference; lastKnownFileType = sourcecode.swift; path = ToDoListInteractor.swift; sourceTree = "<group>"; };
		56A1755B2C7C82A9004F7771 /* ToDoListAssembly.swift */ = {isa = PBXFileReference; lastKnownFileType = sourcecode.swift; path = ToDoListAssembly.swift; sourceTree = "<group>"; };
		56A1755F2C7C9753004F7771 /* ToDoSUICell.swift */ = {isa = PBXFileReference; lastKnownFileType = sourcecode.swift; path = ToDoSUICell.swift; sourceTree = "<group>"; };
		56A175612C7CD0A8004F7771 /* ToDoListProtocols.swift */ = {isa = PBXFileReference; lastKnownFileType = sourcecode.swift; path = ToDoListProtocols.swift; sourceTree = "<group>"; };
		56A175652C7CF2B8004F7771 /* ToDoCellView.swift */ = {isa = PBXFileReference; lastKnownFileType = sourcecode.swift; path = ToDoCellView.swift; sourceTree = "<group>"; };
		56A175682C818F7C004F7771 /* TaskModel.swift */ = {isa = PBXFileReference; lastKnownFileType = sourcecode.swift; path = TaskModel.swift; sourceTree = "<group>"; };
		56A1756F2C81FD5E004F7771 /* ToDoDetailViewController.swift */ = {isa = PBXFileReference; lastKnownFileType = sourcecode.swift; path = ToDoDetailViewController.swift; sourceTree = "<group>"; };
/* End PBXFileReference section */

/* Begin PBXFrameworksBuildPhase section */
		56A175072C7BA2A5004F7771 /* Frameworks */ = {
			isa = PBXFrameworksBuildPhase;
			buildActionMask = 2147483647;
			files = (
			);
			runOnlyForDeploymentPostprocessing = 0;
		};
		56A175202C7BA2A7004F7771 /* Frameworks */ = {
			isa = PBXFrameworksBuildPhase;
			buildActionMask = 2147483647;
			files = (
			);
			runOnlyForDeploymentPostprocessing = 0;
		};
		56A1752A2C7BA2A7004F7771 /* Frameworks */ = {
			isa = PBXFrameworksBuildPhase;
			buildActionMask = 2147483647;
			files = (
			);
			runOnlyForDeploymentPostprocessing = 0;
		};
/* End PBXFrameworksBuildPhase section */

/* Begin PBXGroup section */
		5660B28C2C834A0500580F7C /* CoreData */ = {
			isa = PBXGroup;
			children = (
				56A175162C7BA2A5004F7771 /* ToDoList.xcdatamodeld */,
				56A175492C7BAEFF004F7771 /* CDContainer.swift */,
				56A175452C7BA5E0004F7771 /* CDManager.swift */,
				56A175472C7BA731004F7771 /* CDManager+CDTask.swift */,
			);
			path = CoreData;
			sourceTree = "<group>";
		};
		5660B28D2C834A0F00580F7C /* UserDefaults */ = {
			isa = PBXGroup;
			children = (
				5660B28E2C834C6500580F7C /* UDManager.swift */,
				5660B2902C834E1700580F7C /* UDUserStorage.swift */,
			);
			path = UserDefaults;
			sourceTree = "<group>";
		};
		56A175012C7BA2A5004F7771 = {
			isa = PBXGroup;
			children = (
				56A1750C2C7BA2A5004F7771 /* ToDoList */,
				56A1755F2C7C9753004F7771 /* ToDoSUICell.swift */,
				5660B2922C85961100580F7C /* TestVC.swift */,
				56A175262C7BA2A7004F7771 /* ToDoListTests */,
				56A175302C7BA2A7004F7771 /* ToDoListUITests */,
				56A1750B2C7BA2A5004F7771 /* Products */,
			);
			sourceTree = "<group>";
		};
		56A1750B2C7BA2A5004F7771 /* Products */ = {
			isa = PBXGroup;
			children = (
				56A1750A2C7BA2A5004F7771 /* ToDoList.app */,
				56A175232C7BA2A7004F7771 /* ToDoListTests.xctest */,
				56A1752D2C7BA2A7004F7771 /* ToDoListUITests.xctest */,
			);
			name = Products;
			sourceTree = "<group>";
		};
		56A1750C2C7BA2A5004F7771 /* ToDoList */ = {
			isa = PBXGroup;
			children = (
				56A175412C7BA3D6004F7771 /* App */,
				56A1754D2C7BB359004F7771 /* Services */,
				56A175432C7BA3F4004F7771 /* Modules */,
				56A1756A2C818F82004F7771 /* Models */,
				56A175422C7BA3E3004F7771 /* Presistence */,
				56A175402C7BA3CA004F7771 /* Resources */,
			);
			path = ToDoList;
			sourceTree = "<group>";
		};
		56A175262C7BA2A7004F7771 /* ToDoListTests */ = {
			isa = PBXGroup;
			children = (
				56A175272C7BA2A7004F7771 /* ToDoListTests.swift */,
			);
			path = ToDoListTests;
			sourceTree = "<group>";
		};
		56A175302C7BA2A7004F7771 /* ToDoListUITests */ = {
			isa = PBXGroup;
			children = (
				56A175312C7BA2A7004F7771 /* ToDoListUITests.swift */,
				56A175332C7BA2A7004F7771 /* ToDoListUITestsLaunchTests.swift */,
			);
			path = ToDoListUITests;
			sourceTree = "<group>";
		};
		56A175402C7BA3CA004F7771 /* Resources */ = {
			isa = PBXGroup;
			children = (
				56A175192C7BA2A7004F7771 /* Assets.xcassets */,
				56A1751B2C7BA2A7004F7771 /* LaunchScreen.storyboard */,
				56A1751E2C7BA2A7004F7771 /* Info.plist */,
			);
			path = Resources;
			sourceTree = "<group>";
		};
		56A175412C7BA3D6004F7771 /* App */ = {
			isa = PBXGroup;
			children = (
				56A1750D2C7BA2A5004F7771 /* AppDelegate.swift */,
				56A1750F2C7BA2A5004F7771 /* SceneDelegate.swift */,
			);
			path = App;
			sourceTree = "<group>";
		};
		56A175422C7BA3E3004F7771 /* Presistence */ = {
			isa = PBXGroup;
			children = (
				5660B28D2C834A0F00580F7C /* UserDefaults */,
				5660B28C2C834A0500580F7C /* CoreData */,
			);
			path = Presistence;
			sourceTree = "<group>";
		};
		56A175432C7BA3F4004F7771 /* Modules */ = {
			isa = PBXGroup;
			children = (
				56A1756E2C81FD35004F7771 /* ToDoDetailScreen */,
				56A175542C7C7F84004F7771 /* TodoListScreen */,
			);
			path = Modules;
			sourceTree = "<group>";
		};
		56A1754D2C7BB359004F7771 /* Services */ = {
			isa = PBXGroup;
			children = (
				56A1754E2C7BB365004F7771 /* API */,
				56A175512C7BB392004F7771 /* Models */,
			);
			path = Services;
			sourceTree = "<group>";
		};
		56A1754E2C7BB365004F7771 /* API */ = {
			isa = PBXGroup;
			children = (
				56A1754B2C7BB34F004F7771 /* TaskService.swift */,
			);
			path = API;
			sourceTree = "<group>";
		};
		56A175512C7BB392004F7771 /* Models */ = {
			isa = PBXGroup;
			children = (
				56A1754F2C7BB38C004F7771 /* TaskDTO.swift */,
				56A175522C7BB436004F7771 /* TaskAPIResponseDTO.swift */,
			);
			path = Models;
			sourceTree = "<group>";
		};
		56A175542C7C7F84004F7771 /* TodoListScreen */ = {
			isa = PBXGroup;
			children = (
				56A175612C7CD0A8004F7771 /* ToDoListProtocols.swift */,
				56A175112C7BA2A5004F7771 /* ToDoListViewController.swift */,
				56A175652C7CF2B8004F7771 /* ToDoCellView.swift */,
				56A175552C7C807E004F7771 /* ToDoListPresenter.swift */,
				56A175592C7C8231004F7771 /* ToDoListInteractor.swift */,
				56A175572C7C81AD004F7771 /* ToDoListRouter.swift */,
				56A1755B2C7C82A9004F7771 /* ToDoListAssembly.swift */,
			);
			path = TodoListScreen;
			sourceTree = "<group>";
		};
		56A1756A2C818F82004F7771 /* Models */ = {
			isa = PBXGroup;
			children = (
				56A175682C818F7C004F7771 /* TaskModel.swift */,
			);
			path = Models;
			sourceTree = "<group>";
		};
		56A1756E2C81FD35004F7771 /* ToDoDetailScreen */ = {
			isa = PBXGroup;
			children = (
				56A1756F2C81FD5E004F7771 /* ToDoDetailViewController.swift */,
			);
			path = ToDoDetailScreen;
			sourceTree = "<group>";
		};
/* End PBXGroup section */

/* Begin PBXNativeTarget section */
		56A175092C7BA2A5004F7771 /* ToDoList */ = {
			isa = PBXNativeTarget;
			buildConfigurationList = 56A175372C7BA2A7004F7771 /* Build configuration list for PBXNativeTarget "ToDoList" */;
			buildPhases = (
				56A175062C7BA2A5004F7771 /* Sources */,
				56A175072C7BA2A5004F7771 /* Frameworks */,
				56A175082C7BA2A5004F7771 /* Resources */,
			);
			buildRules = (
			);
			dependencies = (
			);
			name = ToDoList;
			productName = ToDoList;
			productReference = 56A1750A2C7BA2A5004F7771 /* ToDoList.app */;
			productType = "com.apple.product-type.application";
		};
		56A175222C7BA2A7004F7771 /* ToDoListTests */ = {
			isa = PBXNativeTarget;
			buildConfigurationList = 56A1753A2C7BA2A7004F7771 /* Build configuration list for PBXNativeTarget "ToDoListTests" */;
			buildPhases = (
				56A1751F2C7BA2A7004F7771 /* Sources */,
				56A175202C7BA2A7004F7771 /* Frameworks */,
				56A175212C7BA2A7004F7771 /* Resources */,
			);
			buildRules = (
			);
			dependencies = (
				56A175252C7BA2A7004F7771 /* PBXTargetDependency */,
			);
			name = ToDoListTests;
			productName = ToDoListTests;
			productReference = 56A175232C7BA2A7004F7771 /* ToDoListTests.xctest */;
			productType = "com.apple.product-type.bundle.unit-test";
		};
		56A1752C2C7BA2A7004F7771 /* ToDoListUITests */ = {
			isa = PBXNativeTarget;
			buildConfigurationList = 56A1753D2C7BA2A7004F7771 /* Build configuration list for PBXNativeTarget "ToDoListUITests" */;
			buildPhases = (
				56A175292C7BA2A7004F7771 /* Sources */,
				56A1752A2C7BA2A7004F7771 /* Frameworks */,
				56A1752B2C7BA2A7004F7771 /* Resources */,
			);
			buildRules = (
			);
			dependencies = (
				56A1752F2C7BA2A7004F7771 /* PBXTargetDependency */,
			);
			name = ToDoListUITests;
			productName = ToDoListUITests;
			productReference = 56A1752D2C7BA2A7004F7771 /* ToDoListUITests.xctest */;
			productType = "com.apple.product-type.bundle.ui-testing";
		};
/* End PBXNativeTarget section */

/* Begin PBXProject section */
		56A175022C7BA2A5004F7771 /* Project object */ = {
			isa = PBXProject;
			attributes = {
				BuildIndependentTargetsInParallel = 1;
				LastSwiftUpdateCheck = 1530;
				LastUpgradeCheck = 1530;
				TargetAttributes = {
					56A175092C7BA2A5004F7771 = {
						CreatedOnToolsVersion = 15.3;
					};
					56A175222C7BA2A7004F7771 = {
						CreatedOnToolsVersion = 15.3;
						TestTargetID = 56A175092C7BA2A5004F7771;
					};
					56A1752C2C7BA2A7004F7771 = {
						CreatedOnToolsVersion = 15.3;
						TestTargetID = 56A175092C7BA2A5004F7771;
					};
				};
			};
			buildConfigurationList = 56A175052C7BA2A5004F7771 /* Build configuration list for PBXProject "ToDoList" */;
			compatibilityVersion = "Xcode 14.0";
			developmentRegion = en;
			hasScannedForEncodings = 0;
			knownRegions = (
				en,
				Base,
			);
			mainGroup = 56A175012C7BA2A5004F7771;
			productRefGroup = 56A1750B2C7BA2A5004F7771 /* Products */;
			projectDirPath = "";
			projectRoot = "";
			targets = (
				56A175092C7BA2A5004F7771 /* ToDoList */,
				56A175222C7BA2A7004F7771 /* ToDoListTests */,
				56A1752C2C7BA2A7004F7771 /* ToDoListUITests */,
			);
		};
/* End PBXProject section */

/* Begin PBXResourcesBuildPhase section */
		56A175082C7BA2A5004F7771 /* Resources */ = {
			isa = PBXResourcesBuildPhase;
			buildActionMask = 2147483647;
			files = (
				56A1751A2C7BA2A7004F7771 /* Assets.xcassets in Resources */,
				56A1751D2C7BA2A7004F7771 /* Base in Resources */,
			);
			runOnlyForDeploymentPostprocessing = 0;
		};
		56A175212C7BA2A7004F7771 /* Resources */ = {
			isa = PBXResourcesBuildPhase;
			buildActionMask = 2147483647;
			files = (
			);
			runOnlyForDeploymentPostprocessing = 0;
		};
		56A1752B2C7BA2A7004F7771 /* Resources */ = {
			isa = PBXResourcesBuildPhase;
			buildActionMask = 2147483647;
			files = (
			);
			runOnlyForDeploymentPostprocessing = 0;
		};
/* End PBXResourcesBuildPhase section */

/* Begin PBXSourcesBuildPhase section */
		56A175062C7BA2A5004F7771 /* Sources */ = {
			isa = PBXSourcesBuildPhase;
			buildActionMask = 2147483647;
			files = (
				56A1754C2C7BB34F004F7771 /* TaskService.swift in Sources */,
				56A175122C7BA2A5004F7771 /* ToDoListViewController.swift in Sources */,
				56A175582C7C81AD004F7771 /* ToDoListRouter.swift in Sources */,
				56A175462C7BA5E0004F7771 /* CDManager.swift in Sources */,
				56A175602C7C9753004F7771 /* ToDoSUICell.swift in Sources */,
				5660B2912C834E1700580F7C /* UDUserStorage.swift in Sources */,
				56A1750E2C7BA2A5004F7771 /* AppDelegate.swift in Sources */,
				56A175702C81FD5E004F7771 /* ToDoDetailViewController.swift in Sources */,
				56A175562C7C807E004F7771 /* ToDoListPresenter.swift in Sources */,
				56A175532C7BB436004F7771 /* TaskAPIResponseDTO.swift in Sources */,
				56A1755C2C7C82A9004F7771 /* ToDoListAssembly.swift in Sources */,
				56A175622C7CD0A8004F7771 /* ToDoListProtocols.swift in Sources */,
				56A175102C7BA2A5004F7771 /* SceneDelegate.swift in Sources */,
				56A1755A2C7C8231004F7771 /* ToDoListInteractor.swift in Sources */,
				56A175692C818F7C004F7771 /* TaskModel.swift in Sources */,
				56A175662C7CF2B9004F7771 /* ToDoCellView.swift in Sources */,
				56A175482C7BA731004F7771 /* CDManager+CDTask.swift in Sources */,
				56A175502C7BB38C004F7771 /* TaskDTO.swift in Sources */,
				56A175182C7BA2A5004F7771 /* ToDoList.xcdatamodeld in Sources */,
				5660B28F2C834C6500580F7C /* UDManager.swift in Sources */,
				5660B2932C85961100580F7C /* TestVC.swift in Sources */,
				56A1754A2C7BAEFF004F7771 /* CDContainer.swift in Sources */,
			);
			runOnlyForDeploymentPostprocessing = 0;
		};
		56A1751F2C7BA2A7004F7771 /* Sources */ = {
			isa = PBXSourcesBuildPhase;
			buildActionMask = 2147483647;
			files = (
				56A175282C7BA2A7004F7771 /* ToDoListTests.swift in Sources */,
			);
			runOnlyForDeploymentPostprocessing = 0;
		};
		56A175292C7BA2A7004F7771 /* Sources */ = {
			isa = PBXSourcesBuildPhase;
			buildActionMask = 2147483647;
			files = (
				56A175342C7BA2A7004F7771 /* ToDoListUITestsLaunchTests.swift in Sources */,
				56A175322C7BA2A7004F7771 /* ToDoListUITests.swift in Sources */,
			);
			runOnlyForDeploymentPostprocessing = 0;
		};
/* End PBXSourcesBuildPhase section */

/* Begin PBXTargetDependency section */
		56A175252C7BA2A7004F7771 /* PBXTargetDependency */ = {
			isa = PBXTargetDependency;
			target = 56A175092C7BA2A5004F7771 /* ToDoList */;
			targetProxy = 56A175242C7BA2A7004F7771 /* PBXContainerItemProxy */;
		};
		56A1752F2C7BA2A7004F7771 /* PBXTargetDependency */ = {
			isa = PBXTargetDependency;
			target = 56A175092C7BA2A5004F7771 /* ToDoList */;
			targetProxy = 56A1752E2C7BA2A7004F7771 /* PBXContainerItemProxy */;
		};
/* End PBXTargetDependency section */

/* Begin PBXVariantGroup section */
		56A1751B2C7BA2A7004F7771 /* LaunchScreen.storyboard */ = {
			isa = PBXVariantGroup;
			children = (
				56A1751C2C7BA2A7004F7771 /* Base */,
			);
			name = LaunchScreen.storyboard;
			sourceTree = "<group>";
		};
/* End PBXVariantGroup section */

/* Begin XCBuildConfiguration section */
		56A175352C7BA2A7004F7771 /* Debug */ = {
			isa = XCBuildConfiguration;
			buildSettings = {
				ALWAYS_SEARCH_USER_PATHS = NO;
				ASSETCATALOG_COMPILER_GENERATE_SWIFT_ASSET_SYMBOL_EXTENSIONS = YES;
				CLANG_ANALYZER_NONNULL = YES;
				CLANG_ANALYZER_NUMBER_OBJECT_CONVERSION = YES_AGGRESSIVE;
				CLANG_CXX_LANGUAGE_STANDARD = "gnu++20";
				CLANG_ENABLE_MODULES = YES;
				CLANG_ENABLE_OBJC_ARC = YES;
				CLANG_ENABLE_OBJC_WEAK = YES;
				CLANG_WARN_BLOCK_CAPTURE_AUTORELEASING = YES;
				CLANG_WARN_BOOL_CONVERSION = YES;
				CLANG_WARN_COMMA = YES;
				CLANG_WARN_CONSTANT_CONVERSION = YES;
				CLANG_WARN_DEPRECATED_OBJC_IMPLEMENTATIONS = YES;
				CLANG_WARN_DIRECT_OBJC_ISA_USAGE = YES_ERROR;
				CLANG_WARN_DOCUMENTATION_COMMENTS = YES;
				CLANG_WARN_EMPTY_BODY = YES;
				CLANG_WARN_ENUM_CONVERSION = YES;
				CLANG_WARN_INFINITE_RECURSION = YES;
				CLANG_WARN_INT_CONVERSION = YES;
				CLANG_WARN_NON_LITERAL_NULL_CONVERSION = YES;
				CLANG_WARN_OBJC_IMPLICIT_RETAIN_SELF = YES;
				CLANG_WARN_OBJC_LITERAL_CONVERSION = YES;
				CLANG_WARN_OBJC_ROOT_CLASS = YES_ERROR;
				CLANG_WARN_QUOTED_INCLUDE_IN_FRAMEWORK_HEADER = YES;
				CLANG_WARN_RANGE_LOOP_ANALYSIS = YES;
				CLANG_WARN_STRICT_PROTOTYPES = YES;
				CLANG_WARN_SUSPICIOUS_MOVE = YES;
				CLANG_WARN_UNGUARDED_AVAILABILITY = YES_AGGRESSIVE;
				CLANG_WARN_UNREACHABLE_CODE = YES;
				CLANG_WARN__DUPLICATE_METHOD_MATCH = YES;
				COPY_PHASE_STRIP = NO;
				DEBUG_INFORMATION_FORMAT = dwarf;
				ENABLE_STRICT_OBJC_MSGSEND = YES;
				ENABLE_TESTABILITY = YES;
				ENABLE_USER_SCRIPT_SANDBOXING = YES;
				GCC_C_LANGUAGE_STANDARD = gnu17;
				GCC_DYNAMIC_NO_PIC = NO;
				GCC_NO_COMMON_BLOCKS = YES;
				GCC_OPTIMIZATION_LEVEL = 0;
				GCC_PREPROCESSOR_DEFINITIONS = (
					"DEBUG=1",
					"$(inherited)",
				);
				GCC_WARN_64_TO_32_BIT_CONVERSION = YES;
				GCC_WARN_ABOUT_RETURN_TYPE = YES_ERROR;
				GCC_WARN_UNDECLARED_SELECTOR = YES;
				GCC_WARN_UNINITIALIZED_AUTOS = YES_AGGRESSIVE;
				GCC_WARN_UNUSED_FUNCTION = YES;
				GCC_WARN_UNUSED_VARIABLE = YES;
				IPHONEOS_DEPLOYMENT_TARGET = 17.4;
				LOCALIZATION_PREFERS_STRING_CATALOGS = YES;
				MTL_ENABLE_DEBUG_INFO = INCLUDE_SOURCE;
				MTL_FAST_MATH = YES;
				ONLY_ACTIVE_ARCH = YES;
				SDKROOT = iphoneos;
				SWIFT_ACTIVE_COMPILATION_CONDITIONS = "DEBUG $(inherited)";
				SWIFT_OPTIMIZATION_LEVEL = "-Onone";
			};
			name = Debug;
		};
		56A175362C7BA2A7004F7771 /* Release */ = {
			isa = XCBuildConfiguration;
			buildSettings = {
				ALWAYS_SEARCH_USER_PATHS = NO;
				ASSETCATALOG_COMPILER_GENERATE_SWIFT_ASSET_SYMBOL_EXTENSIONS = YES;
				CLANG_ANALYZER_NONNULL = YES;
				CLANG_ANALYZER_NUMBER_OBJECT_CONVERSION = YES_AGGRESSIVE;
				CLANG_CXX_LANGUAGE_STANDARD = "gnu++20";
				CLANG_ENABLE_MODULES = YES;
				CLANG_ENABLE_OBJC_ARC = YES;
				CLANG_ENABLE_OBJC_WEAK = YES;
				CLANG_WARN_BLOCK_CAPTURE_AUTORELEASING = YES;
				CLANG_WARN_BOOL_CONVERSION = YES;
				CLANG_WARN_COMMA = YES;
				CLANG_WARN_CONSTANT_CONVERSION = YES;
				CLANG_WARN_DEPRECATED_OBJC_IMPLEMENTATIONS = YES;
				CLANG_WARN_DIRECT_OBJC_ISA_USAGE = YES_ERROR;
				CLANG_WARN_DOCUMENTATION_COMMENTS = YES;
				CLANG_WARN_EMPTY_BODY = YES;
				CLANG_WARN_ENUM_CONVERSION = YES;
				CLANG_WARN_INFINITE_RECURSION = YES;
				CLANG_WARN_INT_CONVERSION = YES;
				CLANG_WARN_NON_LITERAL_NULL_CONVERSION = YES;
				CLANG_WARN_OBJC_IMPLICIT_RETAIN_SELF = YES;
				CLANG_WARN_OBJC_LITERAL_CONVERSION = YES;
				CLANG_WARN_OBJC_ROOT_CLASS = YES_ERROR;
				CLANG_WARN_QUOTED_INCLUDE_IN_FRAMEWORK_HEADER = YES;
				CLANG_WARN_RANGE_LOOP_ANALYSIS = YES;
				CLANG_WARN_STRICT_PROTOTYPES = YES;
				CLANG_WARN_SUSPICIOUS_MOVE = YES;
				CLANG_WARN_UNGUARDED_AVAILABILITY = YES_AGGRESSIVE;
				CLANG_WARN_UNREACHABLE_CODE = YES;
				CLANG_WARN__DUPLICATE_METHOD_MATCH = YES;
				COPY_PHASE_STRIP = NO;
				DEBUG_INFORMATION_FORMAT = "dwarf-with-dsym";
				ENABLE_NS_ASSERTIONS = NO;
				ENABLE_STRICT_OBJC_MSGSEND = YES;
				ENABLE_USER_SCRIPT_SANDBOXING = YES;
				GCC_C_LANGUAGE_STANDARD = gnu17;
				GCC_NO_COMMON_BLOCKS = YES;
				GCC_WARN_64_TO_32_BIT_CONVERSION = YES;
				GCC_WARN_ABOUT_RETURN_TYPE = YES_ERROR;
				GCC_WARN_UNDECLARED_SELECTOR = YES;
				GCC_WARN_UNINITIALIZED_AUTOS = YES_AGGRESSIVE;
				GCC_WARN_UNUSED_FUNCTION = YES;
				GCC_WARN_UNUSED_VARIABLE = YES;
				IPHONEOS_DEPLOYMENT_TARGET = 17.4;
				LOCALIZATION_PREFERS_STRING_CATALOGS = YES;
				MTL_ENABLE_DEBUG_INFO = NO;
				MTL_FAST_MATH = YES;
				SDKROOT = iphoneos;
				SWIFT_COMPILATION_MODE = wholemodule;
				VALIDATE_PRODUCT = YES;
			};
			name = Release;
		};
		56A175382C7BA2A7004F7771 /* Debug */ = {
			isa = XCBuildConfiguration;
			buildSettings = {
				ASSETCATALOG_COMPILER_APPICON_NAME = AppIcon;
				ASSETCATALOG_COMPILER_GLOBAL_ACCENT_COLOR_NAME = AccentColor;
				CODE_SIGN_STYLE = Automatic;
				CURRENT_PROJECT_VERSION = 1;
				DEVELOPMENT_TEAM = D42F5MB9H5;
				GENERATE_INFOPLIST_FILE = YES;
				INFOPLIST_FILE = ToDoList/Resources/Info.plist;
				INFOPLIST_KEY_UIApplicationSupportsIndirectInputEvents = YES;
				INFOPLIST_KEY_UILaunchStoryboardName = LaunchScreen;
				INFOPLIST_KEY_UIMainStoryboardFile = "";
				INFOPLIST_KEY_UISupportedInterfaceOrientations_iPad = "UIInterfaceOrientationPortrait UIInterfaceOrientationPortraitUpsideDown UIInterfaceOrientationLandscapeLeft UIInterfaceOrientationLandscapeRight";
				INFOPLIST_KEY_UISupportedInterfaceOrientations_iPhone = "UIInterfaceOrientationPortrait UIInterfaceOrientationLandscapeLeft UIInterfaceOrientationLandscapeRight";
				LD_RUNPATH_SEARCH_PATHS = (
					"$(inherited)",
					"@executable_path/Frameworks",
				);
				MARKETING_VERSION = 1.0;
				PRODUCT_BUNDLE_IDENTIFIER = com.runovso.ToDoList;
				PRODUCT_NAME = "$(TARGET_NAME)";
				SWIFT_EMIT_LOC_STRINGS = YES;
				SWIFT_VERSION = 5.0;
				TARGETED_DEVICE_FAMILY = "1,2";
			};
			name = Debug;
		};
		56A175392C7BA2A7004F7771 /* Release */ = {
			isa = XCBuildConfiguration;
			buildSettings = {
				ASSETCATALOG_COMPILER_APPICON_NAME = AppIcon;
				ASSETCATALOG_COMPILER_GLOBAL_ACCENT_COLOR_NAME = AccentColor;
				CODE_SIGN_STYLE = Automatic;
				CURRENT_PROJECT_VERSION = 1;
				DEVELOPMENT_TEAM = D42F5MB9H5;
				GENERATE_INFOPLIST_FILE = YES;
				INFOPLIST_FILE = ToDoList/Resources/Info.plist;
				INFOPLIST_KEY_UIApplicationSupportsIndirectInputEvents = YES;
				INFOPLIST_KEY_UILaunchStoryboardName = LaunchScreen;
				INFOPLIST_KEY_UIMainStoryboardFile = "";
				INFOPLIST_KEY_UISupportedInterfaceOrientations_iPad = "UIInterfaceOrientationPortrait UIInterfaceOrientationPortraitUpsideDown UIInterfaceOrientationLandscapeLeft UIInterfaceOrientationLandscapeRight";
				INFOPLIST_KEY_UISupportedInterfaceOrientations_iPhone = "UIInterfaceOrientationPortrait UIInterfaceOrientationLandscapeLeft UIInterfaceOrientationLandscapeRight";
				LD_RUNPATH_SEARCH_PATHS = (
					"$(inherited)",
					"@executable_path/Frameworks",
				);
				MARKETING_VERSION = 1.0;
				PRODUCT_BUNDLE_IDENTIFIER = com.runovso.ToDoList;
				PRODUCT_NAME = "$(TARGET_NAME)";
				SWIFT_EMIT_LOC_STRINGS = YES;
				SWIFT_VERSION = 5.0;
				TARGETED_DEVICE_FAMILY = "1,2";
			};
			name = Release;
		};
		56A1753B2C7BA2A7004F7771 /* Debug */ = {
			isa = XCBuildConfiguration;
			buildSettings = {
				ALWAYS_EMBED_SWIFT_STANDARD_LIBRARIES = YES;
				BUNDLE_LOADER = "$(TEST_HOST)";
				CODE_SIGN_STYLE = Automatic;
				CURRENT_PROJECT_VERSION = 1;
				DEVELOPMENT_TEAM = D42F5MB9H5;
				GENERATE_INFOPLIST_FILE = YES;
				IPHONEOS_DEPLOYMENT_TARGET = 17.4;
				MARKETING_VERSION = 1.0;
				PRODUCT_BUNDLE_IDENTIFIER = com.runovso.ToDoListTests;
				PRODUCT_NAME = "$(TARGET_NAME)";
				SWIFT_EMIT_LOC_STRINGS = NO;
				SWIFT_VERSION = 5.0;
				TARGETED_DEVICE_FAMILY = "1,2";
				TEST_HOST = "$(BUILT_PRODUCTS_DIR)/ToDoList.app/$(BUNDLE_EXECUTABLE_FOLDER_PATH)/ToDoList";
			};
			name = Debug;
		};
		56A1753C2C7BA2A7004F7771 /* Release */ = {
			isa = XCBuildConfiguration;
			buildSettings = {
				ALWAYS_EMBED_SWIFT_STANDARD_LIBRARIES = YES;
				BUNDLE_LOADER = "$(TEST_HOST)";
				CODE_SIGN_STYLE = Automatic;
				CURRENT_PROJECT_VERSION = 1;
				DEVELOPMENT_TEAM = D42F5MB9H5;
				GENERATE_INFOPLIST_FILE = YES;
				IPHONEOS_DEPLOYMENT_TARGET = 17.4;
				MARKETING_VERSION = 1.0;
				PRODUCT_BUNDLE_IDENTIFIER = com.runovso.ToDoListTests;
				PRODUCT_NAME = "$(TARGET_NAME)";
				SWIFT_EMIT_LOC_STRINGS = NO;
				SWIFT_VERSION = 5.0;
				TARGETED_DEVICE_FAMILY = "1,2";
				TEST_HOST = "$(BUILT_PRODUCTS_DIR)/ToDoList.app/$(BUNDLE_EXECUTABLE_FOLDER_PATH)/ToDoList";
			};
			name = Release;
		};
		56A1753E2C7BA2A7004F7771 /* Debug */ = {
			isa = XCBuildConfiguration;
			buildSettings = {
				ALWAYS_EMBED_SWIFT_STANDARD_LIBRARIES = YES;
				CODE_SIGN_STYLE = Automatic;
				CURRENT_PROJECT_VERSION = 1;
				DEVELOPMENT_TEAM = D42F5MB9H5;
				GENERATE_INFOPLIST_FILE = YES;
				MARKETING_VERSION = 1.0;
				PRODUCT_BUNDLE_IDENTIFIER = com.runovso.ToDoListUITests;
				PRODUCT_NAME = "$(TARGET_NAME)";
				SWIFT_EMIT_LOC_STRINGS = NO;
				SWIFT_VERSION = 5.0;
				TARGETED_DEVICE_FAMILY = "1,2";
				TEST_TARGET_NAME = ToDoList;
			};
			name = Debug;
		};
		56A1753F2C7BA2A7004F7771 /* Release */ = {
			isa = XCBuildConfiguration;
			buildSettings = {
				ALWAYS_EMBED_SWIFT_STANDARD_LIBRARIES = YES;
				CODE_SIGN_STYLE = Automatic;
				CURRENT_PROJECT_VERSION = 1;
				DEVELOPMENT_TEAM = D42F5MB9H5;
				GENERATE_INFOPLIST_FILE = YES;
				MARKETING_VERSION = 1.0;
				PRODUCT_BUNDLE_IDENTIFIER = com.runovso.ToDoListUITests;
				PRODUCT_NAME = "$(TARGET_NAME)";
				SWIFT_EMIT_LOC_STRINGS = NO;
				SWIFT_VERSION = 5.0;
				TARGETED_DEVICE_FAMILY = "1,2";
				TEST_TARGET_NAME = ToDoList;
			};
			name = Release;
		};
/* End XCBuildConfiguration section */

/* Begin XCConfigurationList section */
		56A175052C7BA2A5004F7771 /* Build configuration list for PBXProject "ToDoList" */ = {
			isa = XCConfigurationList;
			buildConfigurations = (
				56A175352C7BA2A7004F7771 /* Debug */,
				56A175362C7BA2A7004F7771 /* Release */,
			);
			defaultConfigurationIsVisible = 0;
			defaultConfigurationName = Release;
		};
		56A175372C7BA2A7004F7771 /* Build configuration list for PBXNativeTarget "ToDoList" */ = {
			isa = XCConfigurationList;
			buildConfigurations = (
				56A175382C7BA2A7004F7771 /* Debug */,
				56A175392C7BA2A7004F7771 /* Release */,
			);
			defaultConfigurationIsVisible = 0;
			defaultConfigurationName = Release;
		};
		56A1753A2C7BA2A7004F7771 /* Build configuration list for PBXNativeTarget "ToDoListTests" */ = {
			isa = XCConfigurationList;
			buildConfigurations = (
				56A1753B2C7BA2A7004F7771 /* Debug */,
				56A1753C2C7BA2A7004F7771 /* Release */,
			);
			defaultConfigurationIsVisible = 0;
			defaultConfigurationName = Release;
		};
		56A1753D2C7BA2A7004F7771 /* Build configuration list for PBXNativeTarget "ToDoListUITests" */ = {
			isa = XCConfigurationList;
			buildConfigurations = (
				56A1753E2C7BA2A7004F7771 /* Debug */,
				56A1753F2C7BA2A7004F7771 /* Release */,
			);
			defaultConfigurationIsVisible = 0;
			defaultConfigurationName = Release;
		};
/* End XCConfigurationList section */

/* Begin XCVersionGroup section */
		56A175162C7BA2A5004F7771 /* ToDoList.xcdatamodeld */ = {
			isa = XCVersionGroup;
			children = (
				56A175172C7BA2A5004F7771 /* ToDoList.xcdatamodel */,
			);
			currentVersion = 56A175172C7BA2A5004F7771 /* ToDoList.xcdatamodel */;
			path = ToDoList.xcdatamodeld;
			sourceTree = "<group>";
			versionGroupType = wrapper.xcdatamodel;
		};
/* End XCVersionGroup section */
	};
	rootObject = 56A175022C7BA2A5004F7771 /* Project object */;
}
